<?xml version="1.0" encoding="utf-8"?>
<Project ToolsVersion="4.0" xmlns="http://schemas.microsoft.com/developer/msbuild/2003">
  <ItemGroup>
    <Filter Include="Source Files">
      <UniqueIdentifier>{e64061ef-dc1d-4709-a84c-6ff96cb147c2}</UniqueIdentifier>
    </Filter>
    <Filter Include="Generated Files">
      <UniqueIdentifier>{4fbfb3ae-b6d6-429e-9108-5ff3adbb093a}</UniqueIdentifier>
      <SourceControlFiles>False</SourceControlFiles>
    </Filter>
  </ItemGroup>
  <ItemGroup>
    <None Include="AppxJava.Launcherps.def" />
  </ItemGroup>
  <ItemGroup>
    <ClCompile Include="AppxJavaLauncher_i.c">
      <Filter>Generated Files</Filter>
    </ClCompile>
    <ClCompile Include="AppxJavaLauncher_p.c">
      <Filter>Generated Files</Filter>
    </ClCompile>
    <ClCompile Include="dlldata.c">
      <Filter>Generated Files</Filter>
    </ClCompile>
  </ItemGroup>
</Project>